
Microsoft Visual Studio Solution File, Format Version 12.00
# Visual Studio Version 17
VisualStudioVersion = 17.13.35919.96
MinimumVisualStudioVersion = 10.0.40219.1
Project("{FAE04EC0-301F-11D3-BF4B-00C04F79EFBC}") = "ConsoleAppIf1", "ConsoleAppIf1\ConsoleAppIf1.csproj", "{49FFC848-4769-4BA8-9F59-C652B0D79337}"
EndProject
Global
	GlobalSection(SolutionConfigurationPlatforms) = preSolution
		Debug|Any CPU = Debug|Any CPU
		Release|Any CPU = Release|Any CPU
	EndGlobalSection
	GlobalSection(ProjectConfigurationPlatforms) = postSolution
		{49FFC848-4769-4BA8-9F59-C652B0D79337}.Debug|Any CPU.ActiveCfg = Debug|Any CPU
		{49FFC848-4769-4BA8-9F59-C652B0D79337}.Debug|Any CPU.Build.0 = Debug|Any CPU
		{49FFC848-4769-4BA8-9F59-C652B0D79337}.Release|Any CPU.ActiveCfg = Release|Any CPU
		{49FFC848-4769-4BA8-9F59-C652B0D79337}.Release|Any CPU.Build.0 = Release|Any CPU
	EndGlobalSection
	GlobalSection(SolutionProperties) = preSolution
		HideSolutionNode = FALSE
	EndGlobalSection
	GlobalSection(ExtensibilityGlobals) = postSolution
		SolutionGuid = {B6158C81-A960-4758-96F8-BE7F1693BE66}
	EndGlobalSection
EndGlobal
